
Microsoft Visual Studio Solution File, Format Version 12.00
# Visual Studio Version 17
VisualStudioVersion = 17.10.35013.160
MinimumVisualStudioVersion = 10.0.40219.1
Project("{8BC9CEB8-8B4A-11D0-8D11-00A0C91BC942}") = "Snap.Hutao.UnlockerIsland", "Snap.Hutao.UnlockerIsland\Snap.Hutao.UnlockerIsland.vcxproj", "{578F19FB-BD4F-4CCD-BA24-861760C3E8ED}"
EndProject
Global
	GlobalSection(SolutionConfigurationPlatforms) = preSolution
		Debug|x64 = Debug|x64
		Debug|x86 = Debug|x86
		Release|x64 = Release|x64
		Release|x86 = Release|x86
	EndGlobalSection
	GlobalSection(ProjectConfigurationPlatforms) = postSolution
		{578F19FB-BD4F-4CCD-BA24-861760C3E8ED}.Debug|x64.ActiveCfg = Debug|x64
		{578F19FB-BD4F-4CCD-BA24-861760C3E8ED}.Debug|x64.Build.0 = Debug|x64
		{578F19FB-BD4F-4CCD-BA24-861760C3E8ED}.Debug|x86.ActiveCfg = Debug|Win32
		{578F19FB-BD4F-4CCD-BA24-861760C3E8ED}.Debug|x86.Build.0 = Debug|Win32
		{578F19FB-BD4F-4CCD-BA24-861760C3E8ED}.Release|x64.ActiveCfg = Release|x64
		{578F19FB-BD4F-4CCD-BA24-861760C3E8ED}.Release|x64.Build.0 = Release|x64
		{578F19FB-BD4F-4CCD-BA24-861760C3E8ED}.Release|x86.ActiveCfg = Release|Win32
		{578F19FB-BD4F-4CCD-BA24-861760C3E8ED}.Release|x86.Build.0 = Release|Win32
	EndGlobalSection
	GlobalSection(SolutionProperties) = preSolution
		HideSolutionNode = FALSE
	EndGlobalSection
	GlobalSection(ExtensibilityGlobals) = postSolution
		SolutionGuid = {D04FE4E5-DFCA-44F7-B689-A46EA73F0F01}
	EndGlobalSection
EndGlobal
